
Microsoft Visual Studio Solution File, Format Version 12.00
# Visual Studio Version 16
VisualStudioVersion = 16.0.30002.166
MinimumVisualStudioVersion = 10.0.40219.1
Project("{FAE04EC0-301F-11D3-BF4B-00C04F79EFBC}") = "MyFirstService", "MyFirstService\MyFirstService.csproj", "{466B8066-A218-4285-930A-1620342AEA03}"
EndProject
Global
	GlobalSection(SolutionConfigurationPlatforms) = preSolution
		Debug|Any CPU = Debug|Any CPU
		Release|Any CPU = Release|Any CPU
	EndGlobalSection
	GlobalSection(ProjectConfigurationPlatforms) = postSolution
		{466B8066-A218-4285-930A-1620342AEA03}.Debug|Any CPU.ActiveCfg = Debug|Any CPU
		{466B8066-A218-4285-930A-1620342AEA03}.Debug|Any CPU.Build.0 = Debug|Any CPU
		{466B8066-A218-4285-930A-1620342AEA03}.Release|Any CPU.ActiveCfg = Release|Any CPU
		{466B8066-A218-4285-930A-1620342AEA03}.Release|Any CPU.Build.0 = Release|Any CPU
	EndGlobalSection
	GlobalSection(SolutionProperties) = preSolution
		HideSolutionNode = FALSE
	EndGlobalSection
	GlobalSection(ExtensibilityGlobals) = postSolution
		SolutionGuid = {F12A551A-CD2F-4BDF-873A-129613906285}
	EndGlobalSection
EndGlobal
